
Microsoft Visual Studio Solution File, Format Version 12.00
# Visual Studio Version 16
VisualStudioVersion = 16.0.30002.166
MinimumVisualStudioVersion = 10.0.40219.1
Project("{FAE04EC0-301F-11D3-BF4B-00C04F79EFBC}") = "MsgEvent", "MsgEvent\MsgEvent.csproj", "{47737F2A-1631-4C25-A4BB-7AD775A375DA}"
EndProject
Global
	GlobalSection(SolutionConfigurationPlatforms) = preSolution
		Debug|Any CPU = Debug|Any CPU
		Release|Any CPU = Release|Any CPU
	EndGlobalSection
	GlobalSection(ProjectConfigurationPlatforms) = postSolution
		{47737F2A-1631-4C25-A4BB-7AD775A375DA}.Debug|Any CPU.ActiveCfg = Debug|Any CPU
		{47737F2A-1631-4C25-A4BB-7AD775A375DA}.Debug|Any CPU.Build.0 = Debug|Any CPU
		{47737F2A-1631-4C25-A4BB-7AD775A375DA}.Release|Any CPU.ActiveCfg = Release|Any CPU
		{47737F2A-1631-4C25-A4BB-7AD775A375DA}.Release|Any CPU.Build.0 = Release|Any CPU
	EndGlobalSection
	GlobalSection(SolutionProperties) = preSolution
		HideSolutionNode = FALSE
	EndGlobalSection
	GlobalSection(ExtensibilityGlobals) = postSolution
		SolutionGuid = {AD0A2067-C6F0-4CA8-930D-FC616CD7CEFC}
	EndGlobalSection
EndGlobal
