
Microsoft Visual Studio Solution File, Format Version 12.00
# Visual Studio Version 16
VisualStudioVersion = 16.0.30002.166
MinimumVisualStudioVersion = 10.0.40219.1
Project("{FAE04EC0-301F-11D3-BF4B-00C04F79EFBC}") = "MsgRevWPF", "MsgRevWPF\MsgRevWPF.csproj", "{CEEFC0E2-367E-4B08-BF5D-F9AB09EE5CAD}"
EndProject
Global
	GlobalSection(SolutionConfigurationPlatforms) = preSolution
		Debug|Any CPU = Debug|Any CPU
		Release|Any CPU = Release|Any CPU
	EndGlobalSection
	GlobalSection(ProjectConfigurationPlatforms) = postSolution
		{CEEFC0E2-367E-4B08-BF5D-F9AB09EE5CAD}.Debug|Any CPU.ActiveCfg = Debug|Any CPU
		{CEEFC0E2-367E-4B08-BF5D-F9AB09EE5CAD}.Debug|Any CPU.Build.0 = Debug|Any CPU
		{CEEFC0E2-367E-4B08-BF5D-F9AB09EE5CAD}.Release|Any CPU.ActiveCfg = Release|Any CPU
		{CEEFC0E2-367E-4B08-BF5D-F9AB09EE5CAD}.Release|Any CPU.Build.0 = Release|Any CPU
	EndGlobalSection
	GlobalSection(SolutionProperties) = preSolution
		HideSolutionNode = FALSE
	EndGlobalSection
	GlobalSection(ExtensibilityGlobals) = postSolution
		SolutionGuid = {68929F87-4046-47A1-8390-9D4155BBA691}
	EndGlobalSection
EndGlobal
